// !$*UTF8*$!
{
	archiveVersion = 1;
	classes = {
	};
	objectVersion = 46;
	objects = {

/* Begin PBXBuildFile section */
		6D55D8D818F37D7A006616D0 /* SideMenuView.m in Sources */ = {isa = PBXBuildFile; fileRef = 6D55D8D718F37D7A006616D0 /* SideMenuView.m */; };
		6D55D8DA18F37D92006616D0 /* SideMenuView.xib in Resources */ = {isa = PBXBuildFile; fileRef = 6D55D8D918F37D92006616D0 /* SideMenuView.xib */; };
		6D55D8DE18F3C61E006616D0 /* MenuViewController.m in Sources */ = {isa = PBXBuildFile; fileRef = 6D55D8DC18F3C61E006616D0 /* MenuViewController.m */; };
		6D55D8DF18F3C61E006616D0 /* MenuViewController.xib in Resources */ = {isa = PBXBuildFile; fileRef = 6D55D8DD18F3C61E006616D0 /* MenuViewController.xib */; };
		6D55D8E318F3C80D006616D0 /* MainViewController.m in Sources */ = {isa = PBXBuildFile; fileRef = 6D55D8E118F3C80D006616D0 /* MainViewController.m */; };
		6D55D8E418F3C80D006616D0 /* MainViewController.xib in Resources */ = {isa = PBXBuildFile; fileRef = 6D55D8E218F3C80D006616D0 /* MainViewController.xib */; };
		6D7318DD18F4954C005B11BC /* TweetsType.m in Sources */ = {isa = PBXBuildFile; fileRef = 6D7318DC18F4954C005B11BC /* TweetsType.m */; };
		6D8C81FE18E688CD001D8CA2 /* Foundation.framework in Frameworks */ = {isa = PBXBuildFile; fileRef = 6D8C81FD18E688CD001D8CA2 /* Foundation.framework */; };
		6D8C820018E688CD001D8CA2 /* CoreGraphics.framework in Frameworks */ = {isa = PBXBuildFile; fileRef = 6D8C81FF18E688CD001D8CA2 /* CoreGraphics.framework */; };
		6D8C820218E688CE001D8CA2 /* UIKit.framework in Frameworks */ = {isa = PBXBuildFile; fileRef = 6D8C820118E688CE001D8CA2 /* UIKit.framework */; };
		6D8C820818E688CF001D8CA2 /* InfoPlist.strings in Resources */ = {isa = PBXBuildFile; fileRef = 6D8C820618E688CF001D8CA2 /* InfoPlist.strings */; };
		6D8C820A18E688CF001D8CA2 /* main.m in Sources */ = {isa = PBXBuildFile; fileRef = 6D8C820918E688CF001D8CA2 /* main.m */; };
		6D8C820E18E688D0001D8CA2 /* AppDelegate.m in Sources */ = {isa = PBXBuildFile; fileRef = 6D8C820D18E688D0001D8CA2 /* AppDelegate.m */; };
		6D8C821018E688D1001D8CA2 /* Images.xcassets in Resources */ = {isa = PBXBuildFile; fileRef = 6D8C820F18E688D1001D8CA2 /* Images.xcassets */; };
		6D8C821718E688D1001D8CA2 /* XCTest.framework in Frameworks */ = {isa = PBXBuildFile; fileRef = 6D8C821618E688D1001D8CA2 /* XCTest.framework */; };
		6D8C821818E688D1001D8CA2 /* Foundation.framework in Frameworks */ = {isa = PBXBuildFile; fileRef = 6D8C81FD18E688CD001D8CA2 /* Foundation.framework */; };
		6D8C821918E688D1001D8CA2 /* UIKit.framework in Frameworks */ = {isa = PBXBuildFile; fileRef = 6D8C820118E688CE001D8CA2 /* UIKit.framework */; };
		6D8C822118E688D4001D8CA2 /* InfoPlist.strings in Resources */ = {isa = PBXBuildFile; fileRef = 6D8C821F18E688D4001D8CA2 /* InfoPlist.strings */; };
		6D8C822318E688D5001D8CA2 /* TwitterClientTests.m in Sources */ = {isa = PBXBuildFile; fileRef = 6D8C822218E688D5001D8CA2 /* TwitterClientTests.m */; };
		6D8C822F18E68921001D8CA2 /* TwitterClient.m in Sources */ = {isa = PBXBuildFile; fileRef = 6D8C822E18E68921001D8CA2 /* TwitterClient.m */; };
		6D8C823418E6967F001D8CA2 /* LoginViewController.m in Sources */ = {isa = PBXBuildFile; fileRef = 6D8C823218E6967F001D8CA2 /* LoginViewController.m */; };
		6D8C823518E6967F001D8CA2 /* LoginViewController.xib in Resources */ = {isa = PBXBuildFile; fileRef = 6D8C823318E6967F001D8CA2 /* LoginViewController.xib */; };
		6D8C823918E6BFEF001D8CA2 /* HomeTimelineViewController.m in Sources */ = {isa = PBXBuildFile; fileRef = 6D8C823718E6BFEF001D8CA2 /* HomeTimelineViewController.m */; };
		6D8C823A18E6BFEF001D8CA2 /* HomeTimelineViewController.xib in Resources */ = {isa = PBXBuildFile; fileRef = 6D8C823818E6BFEF001D8CA2 /* HomeTimelineViewController.xib */; };
		6D8C823E18E7585F001D8CA2 /* Tweet.m in Sources */ = {isa = PBXBuildFile; fileRef = 6D8C823D18E7585F001D8CA2 /* Tweet.m */; };
		6D8C824418E7BFB9001D8CA2 /* NSObject+logProperties.m in Sources */ = {isa = PBXBuildFile; fileRef = 6D8C824318E7BFB9001D8CA2 /* NSObject+logProperties.m */; };
		6D8C824718E7C1CB001D8CA2 /* User.m in Sources */ = {isa = PBXBuildFile; fileRef = 6D8C824618E7C1CB001D8CA2 /* User.m */; };
		6D8C825218E7C5E7001D8CA2 /* TweetTableViewCell.m in Sources */ = {isa = PBXBuildFile; fileRef = 6D8C825018E7C5E7001D8CA2 /* TweetTableViewCell.m */; };
		6D8C825318E7C5E7001D8CA2 /* TweetTableViewCell.xib in Resources */ = {isa = PBXBuildFile; fileRef = 6D8C825118E7C5E7001D8CA2 /* TweetTableViewCell.xib */; };
		6D8C825718E8DD68001D8CA2 /* ComposeViewController.m in Sources */ = {isa = PBXBuildFile; fileRef = 6D8C825518E8DD68001D8CA2 /* ComposeViewController.m */; };
		6D8C825818E8DD68001D8CA2 /* ComposeViewController.xib in Resources */ = {isa = PBXBuildFile; fileRef = 6D8C825618E8DD68001D8CA2 /* ComposeViewController.xib */; };
		6D8C825C18E8EAE4001D8CA2 /* ComposeHeaderViewCell.m in Sources */ = {isa = PBXBuildFile; fileRef = 6D8C825A18E8EAE4001D8CA2 /* ComposeHeaderViewCell.m */; };
		6D8C825D18E8EAE4001D8CA2 /* ComposeHeaderViewCell.xib in Resources */ = {isa = PBXBuildFile; fileRef = 6D8C825B18E8EAE4001D8CA2 /* ComposeHeaderViewCell.xib */; };
		6D8C826118E939E3001D8CA2 /* TweetController.m in Sources */ = {isa = PBXBuildFile; fileRef = 6D8C825F18E939E3001D8CA2 /* TweetController.m */; };
		6D8C826218E939E3001D8CA2 /* TweetController.xib in Resources */ = {isa = PBXBuildFile; fileRef = 6D8C826018E939E3001D8CA2 /* TweetController.xib */; };
		6D8C828518E96C16001D8CA2 /* TweetBarView.xib in Resources */ = {isa = PBXBuildFile; fileRef = 6D8C828418E96C16001D8CA2 /* TweetBarView.xib */; };
		6D8C828818E96C4E001D8CA2 /* TweetBarView.m in Sources */ = {isa = PBXBuildFile; fileRef = 6D8C828718E96C4E001D8CA2 /* TweetBarView.m */; };
		F2C214674EB3473088CF58AE /* libPods.a in Frameworks */ = {isa = PBXBuildFile; fileRef = 94D4FCC5B92B4A1FA4FCBA83 /* libPods.a */; };
/* End PBXBuildFile section */

/* Begin PBXContainerItemProxy section */
		6D8C821A18E688D1001D8CA2 /* PBXContainerItemProxy */ = {
			isa = PBXContainerItemProxy;
			containerPortal = 6D8C81F218E688CC001D8CA2 /* Project object */;
			proxyType = 1;
			remoteGlobalIDString = 6D8C81F918E688CC001D8CA2;
			remoteInfo = TwitterClient;
		};
/* End PBXContainerItemProxy section */

/* Begin PBXFileReference section */
		034578B5DDA3485E8EE5C895 /* Pods.xcconfig */ = {isa = PBXFileReference; includeInIndex = 1; lastKnownFileType = text.xcconfig; name = Pods.xcconfig; path = Pods/Pods.xcconfig; sourceTree = "<group>"; };
		6D55D8D618F37D7A006616D0 /* SideMenuView.h */ = {isa = PBXFileReference; fileEncoding = 4; lastKnownFileType = sourcecode.c.h; path = SideMenuView.h; sourceTree = "<group>"; };
		6D55D8D718F37D7A006616D0 /* SideMenuView.m */ = {isa = PBXFileReference; fileEncoding = 4; lastKnownFileType = sourcecode.c.objc; path = SideMenuView.m; sourceTree = "<group>"; };
		6D55D8D918F37D92006616D0 /* SideMenuView.xib */ = {isa = PBXFileReference; fileEncoding = 4; lastKnownFileType = file.xib; path = SideMenuView.xib; sourceTree = "<group>"; };
		6D55D8DB18F3C61E006616D0 /* MenuViewController.h */ = {isa = PBXFileReference; fileEncoding = 4; lastKnownFileType = sourcecode.c.h; path = MenuViewController.h; sourceTree = "<group>"; };
		6D55D8DC18F3C61E006616D0 /* MenuViewController.m */ = {isa = PBXFileReference; fileEncoding = 4; lastKnownFileType = sourcecode.c.objc; path = MenuViewController.m; sourceTree = "<group>"; };
		6D55D8DD18F3C61E006616D0 /* MenuViewController.xib */ = {isa = PBXFileReference; fileEncoding = 4; lastKnownFileType = file.xib; path = MenuViewController.xib; sourceTree = "<group>"; };
		6D55D8E018F3C80D006616D0 /* MainViewController.h */ = {isa = PBXFileReference; fileEncoding = 4; lastKnownFileType = sourcecode.c.h; path = MainViewController.h; sourceTree = "<group>"; };
		6D55D8E118F3C80D006616D0 /* MainViewController.m */ = {isa = PBXFileReference; fileEncoding = 4; lastKnownFileType = sourcecode.c.objc; path = MainViewController.m; sourceTree = "<group>"; };
		6D55D8E218F3C80D006616D0 /* MainViewController.xib */ = {isa = PBXFileReference; fileEncoding = 4; lastKnownFileType = file.xib; path = MainViewController.xib; sourceTree = "<group>"; };
		6D7318DB18F4954C005B11BC /* TweetsType.h */ = {isa = PBXFileReference; fileEncoding = 4; lastKnownFileType = sourcecode.c.h; path = TweetsType.h; sourceTree = "<group>"; };
		6D7318DC18F4954C005B11BC /* TweetsType.m */ = {isa = PBXFileReference; fileEncoding = 4; lastKnownFileType = sourcecode.c.objc; path = TweetsType.m; sourceTree = "<group>"; };
		6D8C81FA18E688CD001D8CA2 /* TwitterClient.app */ = {isa = PBXFileReference; explicitFileType = wrapper.application; includeInIndex = 0; path = TwitterClient.app; sourceTree = BUILT_PRODUCTS_DIR; };
		6D8C81FD18E688CD001D8CA2 /* Foundation.framework */ = {isa = PBXFileReference; lastKnownFileType = wrapper.framework; name = Foundation.framework; path = System/Library/Frameworks/Foundation.framework; sourceTree = SDKROOT; };
		6D8C81FF18E688CD001D8CA2 /* CoreGraphics.framework */ = {isa = PBXFileReference; lastKnownFileType = wrapper.framework; name = CoreGraphics.framework; path = System/Library/Frameworks/CoreGraphics.framework; sourceTree = SDKROOT; };
		6D8C820118E688CE001D8CA2 /* UIKit.framework */ = {isa = PBXFileReference; lastKnownFileType = wrapper.framework; name = UIKit.framework; path = System/Library/Frameworks/UIKit.framework; sourceTree = SDKROOT; };
		6D8C820518E688CE001D8CA2 /* TwitterClient-Info.plist */ = {isa = PBXFileReference; lastKnownFileType = text.plist.xml; path = "TwitterClient-Info.plist"; sourceTree = "<group>"; };
		6D8C820718E688CF001D8CA2 /* en */ = {isa = PBXFileReference; lastKnownFileType = text.plist.strings; name = en; path = en.lproj/InfoPlist.strings; sourceTree = "<group>"; };
		6D8C820918E688CF001D8CA2 /* main.m */ = {isa = PBXFileReference; lastKnownFileType = sourcecode.c.objc; path = main.m; sourceTree = "<group>"; };
		6D8C820B18E688CF001D8CA2 /* TwitterClient-Prefix.pch */ = {isa = PBXFileReference; lastKnownFileType = sourcecode.c.h; path = "TwitterClient-Prefix.pch"; sourceTree = "<group>"; };
		6D8C820C18E688D0001D8CA2 /* AppDelegate.h */ = {isa = PBXFileReference; lastKnownFileType = sourcecode.c.h; path = AppDelegate.h; sourceTree = "<group>"; };
		6D8C820D18E688D0001D8CA2 /* AppDelegate.m */ = {isa = PBXFileReference; lastKnownFileType = sourcecode.c.objc; path = AppDelegate.m; sourceTree = "<group>"; };
		6D8C820F18E688D1001D8CA2 /* Images.xcassets */ = {isa = PBXFileReference; lastKnownFileType = folder.assetcatalog; path = Images.xcassets; sourceTree = "<group>"; };
		6D8C821518E688D1001D8CA2 /* TwitterClientTests.xctest */ = {isa = PBXFileReference; explicitFileType = wrapper.cfbundle; includeInIndex = 0; path = TwitterClientTests.xctest; sourceTree = BUILT_PRODUCTS_DIR; };
		6D8C821618E688D1001D8CA2 /* XCTest.framework */ = {isa = PBXFileReference; lastKnownFileType = wrapper.framework; name = XCTest.framework; path = Library/Frameworks/XCTest.framework; sourceTree = DEVELOPER_DIR; };
		6D8C821E18E688D4001D8CA2 /* TwitterClientTests-Info.plist */ = {isa = PBXFileReference; lastKnownFileType = text.plist.xml; path = "TwitterClientTests-Info.plist"; sourceTree = "<group>"; };
		6D8C822018E688D4001D8CA2 /* en */ = {isa = PBXFileReference; lastKnownFileType = text.plist.strings; name = en; path = en.lproj/InfoPlist.strings; sourceTree = "<group>"; };
		6D8C822218E688D5001D8CA2 /* TwitterClientTests.m */ = {isa = PBXFileReference; lastKnownFileType = sourcecode.c.objc; path = TwitterClientTests.m; sourceTree = "<group>"; };
		6D8C822D18E68921001D8CA2 /* TwitterClient.h */ = {isa = PBXFileReference; fileEncoding = 4; lastKnownFileType = sourcecode.c.h; path = TwitterClient.h; sourceTree = "<group>"; };
		6D8C822E18E68921001D8CA2 /* TwitterClient.m */ = {isa = PBXFileReference; fileEncoding = 4; lastKnownFileType = sourcecode.c.objc; path = TwitterClient.m; sourceTree = "<group>"; };
		6D8C823118E6967F001D8CA2 /* LoginViewController.h */ = {isa = PBXFileReference; fileEncoding = 4; lastKnownFileType = sourcecode.c.h; path = LoginViewController.h; sourceTree = "<group>"; };
		6D8C823218E6967F001D8CA2 /* LoginViewController.m */ = {isa = PBXFileReference; fileEncoding = 4; lastKnownFileType = sourcecode.c.objc; path = LoginViewController.m; sourceTree = "<group>"; };
		6D8C823318E6967F001D8CA2 /* LoginViewController.xib */ = {isa = PBXFileReference; fileEncoding = 4; lastKnownFileType = file.xib; path = LoginViewController.xib; sourceTree = "<group>"; };
		6D8C823618E6BFEF001D8CA2 /* HomeTimelineViewController.h */ = {isa = PBXFileReference; fileEncoding = 4; lastKnownFileType = sourcecode.c.h; path = HomeTimelineViewController.h; sourceTree = "<group>"; };
		6D8C823718E6BFEF001D8CA2 /* HomeTimelineViewController.m */ = {isa = PBXFileReference; fileEncoding = 4; lastKnownFileType = sourcecode.c.objc; path = HomeTimelineViewController.m; sourceTree = "<group>"; };
		6D8C823818E6BFEF001D8CA2 /* HomeTimelineViewController.xib */ = {isa = PBXFileReference; fileEncoding = 4; lastKnownFileType = file.xib; path = HomeTimelineViewController.xib; sourceTree = "<group>"; };
		6D8C823C18E7585F001D8CA2 /* Tweet.h */ = {isa = PBXFileReference; fileEncoding = 4; lastKnownFileType = sourcecode.c.h; path = Tweet.h; sourceTree = "<group>"; };
		6D8C823D18E7585F001D8CA2 /* Tweet.m */ = {isa = PBXFileReference; fileEncoding = 4; lastKnownFileType = sourcecode.c.objc; path = Tweet.m; sourceTree = "<group>"; };
		6D8C824218E7BFB9001D8CA2 /* NSObject+logProperties.h */ = {isa = PBXFileReference; fileEncoding = 4; lastKnownFileType = sourcecode.c.h; path = "NSObject+logProperties.h"; sourceTree = "<group>"; };
		6D8C824318E7BFB9001D8CA2 /* NSObject+logProperties.m */ = {isa = PBXFileReference; fileEncoding = 4; lastKnownFileType = sourcecode.c.objc; path = "NSObject+logProperties.m"; sourceTree = "<group>"; };
		6D8C824518E7C1CB001D8CA2 /* User.h */ = {isa = PBXFileReference; fileEncoding = 4; lastKnownFileType = sourcecode.c.h; path = User.h; sourceTree = "<group>"; };
		6D8C824618E7C1CB001D8CA2 /* User.m */ = {isa = PBXFileReference; fileEncoding = 4; lastKnownFileType = sourcecode.c.objc; path = User.m; sourceTree = "<group>"; };
		6D8C824F18E7C5E7001D8CA2 /* TweetTableViewCell.h */ = {isa = PBXFileReference; fileEncoding = 4; lastKnownFileType = sourcecode.c.h; path = TweetTableViewCell.h; sourceTree = "<group>"; };
		6D8C825018E7C5E7001D8CA2 /* TweetTableViewCell.m */ = {isa = PBXFileReference; fileEncoding = 4; lastKnownFileType = sourcecode.c.objc; path = TweetTableViewCell.m; sourceTree = "<group>"; };
		6D8C825118E7C5E7001D8CA2 /* TweetTableViewCell.xib */ = {isa = PBXFileReference; fileEncoding = 4; lastKnownFileType = file.xib; path = TweetTableViewCell.xib; sourceTree = "<group>"; };
		6D8C825418E8DD68001D8CA2 /* ComposeViewController.h */ = {isa = PBXFileReference; fileEncoding = 4; lastKnownFileType = sourcecode.c.h; path = ComposeViewController.h; sourceTree = "<group>"; };
		6D8C825518E8DD68001D8CA2 /* ComposeViewController.m */ = {isa = PBXFileReference; fileEncoding = 4; lastKnownFileType = sourcecode.c.objc; path = ComposeViewController.m; sourceTree = "<group>"; };
		6D8C825618E8DD68001D8CA2 /* ComposeViewController.xib */ = {isa = PBXFileReference; fileEncoding = 4; lastKnownFileType = file.xib; path = ComposeViewController.xib; sourceTree = "<group>"; };
		6D8C825918E8EAE4001D8CA2 /* ComposeHeaderViewCell.h */ = {isa = PBXFileReference; fileEncoding = 4; lastKnownFileType = sourcecode.c.h; path = ComposeHeaderViewCell.h; sourceTree = "<group>"; };
		6D8C825A18E8EAE4001D8CA2 /* ComposeHeaderViewCell.m */ = {isa = PBXFileReference; fileEncoding = 4; lastKnownFileType = sourcecode.c.objc; path = ComposeHeaderViewCell.m; sourceTree = "<group>"; };
		6D8C825B18E8EAE4001D8CA2 /* ComposeHeaderViewCell.xib */ = {isa = PBXFileReference; fileEncoding = 4; lastKnownFileType = file.xib; path = ComposeHeaderViewCell.xib; sourceTree = "<group>"; };
		6D8C825E18E939E3001D8CA2 /* TweetController.h */ = {isa = PBXFileReference; fileEncoding = 4; lastKnownFileType = sourcecode.c.h; path = TweetController.h; sourceTree = "<group>"; };
		6D8C825F18E939E3001D8CA2 /* TweetController.m */ = {isa = PBXFileReference; fileEncoding = 4; lastKnownFileType = sourcecode.c.objc; path = TweetController.m; sourceTree = "<group>"; };
		6D8C826018E939E3001D8CA2 /* TweetController.xib */ = {isa = PBXFileReference; fileEncoding = 4; lastKnownFileType = file.xib; path = TweetController.xib; sourceTree = "<group>"; };
		6D8C828418E96C16001D8CA2 /* TweetBarView.xib */ = {isa = PBXFileReference; fileEncoding = 4; lastKnownFileType = file.xib; path = TweetBarView.xib; sourceTree = "<group>"; };
		6D8C828618E96C4E001D8CA2 /* TweetBarView.h */ = {isa = PBXFileReference; fileEncoding = 4; lastKnownFileType = sourcecode.c.h; path = TweetBarView.h; sourceTree = "<group>"; };
		6D8C828718E96C4E001D8CA2 /* TweetBarView.m */ = {isa = PBXFileReference; fileEncoding = 4; lastKnownFileType = sourcecode.c.objc; path = TweetBarView.m; sourceTree = "<group>"; };
		94D4FCC5B92B4A1FA4FCBA83 /* libPods.a */ = {isa = PBXFileReference; explicitFileType = archive.ar; includeInIndex = 0; path = libPods.a; sourceTree = BUILT_PRODUCTS_DIR; };
/* End PBXFileReference section */

/* Begin PBXFrameworksBuildPhase section */
		6D8C81F718E688CC001D8CA2 /* Frameworks */ = {
			isa = PBXFrameworksBuildPhase;
			buildActionMask = 2147483647;
			files = (
				6D8C820018E688CD001D8CA2 /* CoreGraphics.framework in Frameworks */,
				6D8C820218E688CE001D8CA2 /* UIKit.framework in Frameworks */,
				6D8C81FE18E688CD001D8CA2 /* Foundation.framework in Frameworks */,
				F2C214674EB3473088CF58AE /* libPods.a in Frameworks */,
			);
			runOnlyForDeploymentPostprocessing = 0;
		};
		6D8C821218E688D1001D8CA2 /* Frameworks */ = {
			isa = PBXFrameworksBuildPhase;
			buildActionMask = 2147483647;
			files = (
				6D8C821718E688D1001D8CA2 /* XCTest.framework in Frameworks */,
				6D8C821918E688D1001D8CA2 /* UIKit.framework in Frameworks */,
				6D8C821818E688D1001D8CA2 /* Foundation.framework in Frameworks */,
			);
			runOnlyForDeploymentPostprocessing = 0;
		};
/* End PBXFrameworksBuildPhase section */

/* Begin PBXGroup section */
		6D8C81F118E688CC001D8CA2 = {
			isa = PBXGroup;
			children = (
				6D8C820318E688CE001D8CA2 /* TwitterClient */,
				6D8C821C18E688D3001D8CA2 /* TwitterClientTests */,
				6D8C81FC18E688CD001D8CA2 /* Frameworks */,
				6D8C81FB18E688CD001D8CA2 /* Products */,
				034578B5DDA3485E8EE5C895 /* Pods.xcconfig */,
			);
			sourceTree = "<group>";
		};
		6D8C81FB18E688CD001D8CA2 /* Products */ = {
			isa = PBXGroup;
			children = (
				6D8C81FA18E688CD001D8CA2 /* TwitterClient.app */,
				6D8C821518E688D1001D8CA2 /* TwitterClientTests.xctest */,
			);
			name = Products;
			sourceTree = "<group>";
		};
		6D8C81FC18E688CD001D8CA2 /* Frameworks */ = {
			isa = PBXGroup;
			children = (
				6D8C81FD18E688CD001D8CA2 /* Foundation.framework */,
				6D8C81FF18E688CD001D8CA2 /* CoreGraphics.framework */,
				6D8C820118E688CE001D8CA2 /* UIKit.framework */,
				6D8C821618E688D1001D8CA2 /* XCTest.framework */,
				94D4FCC5B92B4A1FA4FCBA83 /* libPods.a */,
			);
			name = Frameworks;
			sourceTree = "<group>";
		};
		6D8C820318E688CE001D8CA2 /* TwitterClient */ = {
			isa = PBXGroup;
			children = (
				6D8C824E18E7C58B001D8CA2 /* Views */,
				6D8C823B18E6C347001D8CA2 /* Model */,
				6D8C823018E69667001D8CA2 /* ViewControllers */,
				6D8C822C18E68904001D8CA2 /* client */,
				6D8C820C18E688D0001D8CA2 /* AppDelegate.h */,
				6D8C820D18E688D0001D8CA2 /* AppDelegate.m */,
				6D8C820F18E688D1001D8CA2 /* Images.xcassets */,
				6D8C820418E688CE001D8CA2 /* Supporting Files */,
			);
			path = TwitterClient;
			sourceTree = "<group>";
		};
		6D8C820418E688CE001D8CA2 /* Supporting Files */ = {
			isa = PBXGroup;
			children = (
				6D8C820518E688CE001D8CA2 /* TwitterClient-Info.plist */,
				6D8C820618E688CF001D8CA2 /* InfoPlist.strings */,
				6D8C820918E688CF001D8CA2 /* main.m */,
				6D8C820B18E688CF001D8CA2 /* TwitterClient-Prefix.pch */,
			);
			name = "Supporting Files";
			sourceTree = "<group>";
		};
		6D8C821C18E688D3001D8CA2 /* TwitterClientTests */ = {
			isa = PBXGroup;
			children = (
				6D8C822218E688D5001D8CA2 /* TwitterClientTests.m */,
				6D8C821D18E688D4001D8CA2 /* Supporting Files */,
			);
			path = TwitterClientTests;
			sourceTree = "<group>";
		};
		6D8C821D18E688D4001D8CA2 /* Supporting Files */ = {
			isa = PBXGroup;
			children = (
				6D8C821E18E688D4001D8CA2 /* TwitterClientTests-Info.plist */,
				6D8C821F18E688D4001D8CA2 /* InfoPlist.strings */,
			);
			name = "Supporting Files";
			sourceTree = "<group>";
		};
		6D8C822C18E68904001D8CA2 /* client */ = {
			isa = PBXGroup;
			children = (
				6D8C822D18E68921001D8CA2 /* TwitterClient.h */,
				6D8C822E18E68921001D8CA2 /* TwitterClient.m */,
			);
			name = client;
			sourceTree = "<group>";
		};
		6D8C823018E69667001D8CA2 /* ViewControllers */ = {
			isa = PBXGroup;
			children = (
				6D8C823118E6967F001D8CA2 /* LoginViewController.h */,
				6D8C823218E6967F001D8CA2 /* LoginViewController.m */,
				6D8C823318E6967F001D8CA2 /* LoginViewController.xib */,
				6D8C823618E6BFEF001D8CA2 /* HomeTimelineViewController.h */,
				6D8C823718E6BFEF001D8CA2 /* HomeTimelineViewController.m */,
				6D8C823818E6BFEF001D8CA2 /* HomeTimelineViewController.xib */,
				6D8C825418E8DD68001D8CA2 /* ComposeViewController.h */,
				6D8C825518E8DD68001D8CA2 /* ComposeViewController.m */,
				6D8C825618E8DD68001D8CA2 /* ComposeViewController.xib */,
				6D8C825E18E939E3001D8CA2 /* TweetController.h */,
				6D8C825F18E939E3001D8CA2 /* TweetController.m */,
				6D8C826018E939E3001D8CA2 /* TweetController.xib */,
				6D55D8DB18F3C61E006616D0 /* MenuViewController.h */,
				6D55D8DC18F3C61E006616D0 /* MenuViewController.m */,
				6D55D8DD18F3C61E006616D0 /* MenuViewController.xib */,
				6D55D8E018F3C80D006616D0 /* MainViewController.h */,
				6D55D8E118F3C80D006616D0 /* MainViewController.m */,
				6D55D8E218F3C80D006616D0 /* MainViewController.xib */,
			);
			name = ViewControllers;
			sourceTree = "<group>";
		};
		6D8C823B18E6C347001D8CA2 /* Model */ = {
			isa = PBXGroup;
			children = (
				6D8C823C18E7585F001D8CA2 /* Tweet.h */,
				6D8C823D18E7585F001D8CA2 /* Tweet.m */,
				6D8C824218E7BFB9001D8CA2 /* NSObject+logProperties.h */,
				6D8C824318E7BFB9001D8CA2 /* NSObject+logProperties.m */,
				6D8C824518E7C1CB001D8CA2 /* User.h */,
				6D8C824618E7C1CB001D8CA2 /* User.m */,
				6D7318DB18F4954C005B11BC /* TweetsType.h */,
				6D7318DC18F4954C005B11BC /* TweetsType.m */,
			);
			name = Model;
			sourceTree = "<group>";
		};
		6D8C824E18E7C58B001D8CA2 /* Views */ = {
			isa = PBXGroup;
			children = (
				6D8C824F18E7C5E7001D8CA2 /* TweetTableViewCell.h */,
				6D8C825018E7C5E7001D8CA2 /* TweetTableViewCell.m */,
				6D8C825118E7C5E7001D8CA2 /* TweetTableViewCell.xib */,
				6D8C825918E8EAE4001D8CA2 /* ComposeHeaderViewCell.h */,
				6D8C825A18E8EAE4001D8CA2 /* ComposeHeaderViewCell.m */,
				6D8C825B18E8EAE4001D8CA2 /* ComposeHeaderViewCell.xib */,
				6D8C828418E96C16001D8CA2 /* TweetBarView.xib */,
				6D8C828618E96C4E001D8CA2 /* TweetBarView.h */,
				6D8C828718E96C4E001D8CA2 /* TweetBarView.m */,
				6D55D8D618F37D7A006616D0 /* SideMenuView.h */,
				6D55D8D718F37D7A006616D0 /* SideMenuView.m */,
				6D55D8D918F37D92006616D0 /* SideMenuView.xib */,
			);
			name = Views;
			sourceTree = "<group>";
		};
/* End PBXGroup section */

/* Begin PBXNativeTarget section */
		6D8C81F918E688CC001D8CA2 /* TwitterClient */ = {
			isa = PBXNativeTarget;
			buildConfigurationList = 6D8C822618E688D5001D8CA2 /* Build configuration list for PBXNativeTarget "TwitterClient" */;
			buildPhases = (
				3923211754F24017989F7215 /* Check Pods Manifest.lock */,
				6D8C81F618E688CC001D8CA2 /* Sources */,
				6D8C81F718E688CC001D8CA2 /* Frameworks */,
				6D8C81F818E688CC001D8CA2 /* Resources */,
				42AE7618663447FDA1209017 /* Copy Pods Resources */,
			);
			buildRules = (
			);
			dependencies = (
			);
			name = TwitterClient;
			productName = TwitterClient;
			productReference = 6D8C81FA18E688CD001D8CA2 /* TwitterClient.app */;
			productType = "com.apple.product-type.application";
		};
		6D8C821418E688D1001D8CA2 /* TwitterClientTests */ = {
			isa = PBXNativeTarget;
			buildConfigurationList = 6D8C822918E688D5001D8CA2 /* Build configuration list for PBXNativeTarget "TwitterClientTests" */;
			buildPhases = (
				6D8C821118E688D1001D8CA2 /* Sources */,
				6D8C821218E688D1001D8CA2 /* Frameworks */,
				6D8C821318E688D1001D8CA2 /* Resources */,
			);
			buildRules = (
			);
			dependencies = (
				6D8C821B18E688D1001D8CA2 /* PBXTargetDependency */,
			);
			name = TwitterClientTests;
			productName = TwitterClientTests;
			productReference = 6D8C821518E688D1001D8CA2 /* TwitterClientTests.xctest */;
			productType = "com.apple.product-type.bundle.unit-test";
		};
/* End PBXNativeTarget section */

/* Begin PBXProject section */
		6D8C81F218E688CC001D8CA2 /* Project object */ = {
			isa = PBXProject;
			attributes = {
				LastUpgradeCheck = 0510;
				ORGANIZATIONNAME = "Tony Dao";
				TargetAttributes = {
					6D8C821418E688D1001D8CA2 = {
						TestTargetID = 6D8C81F918E688CC001D8CA2;
					};
				};
			};
			buildConfigurationList = 6D8C81F518E688CC001D8CA2 /* Build configuration list for PBXProject "TwitterClient" */;
			compatibilityVersion = "Xcode 3.2";
			developmentRegion = English;
			hasScannedForEncodings = 0;
			knownRegions = (
				en,
			);
			mainGroup = 6D8C81F118E688CC001D8CA2;
			productRefGroup = 6D8C81FB18E688CD001D8CA2 /* Products */;
			projectDirPath = "";
			projectRoot = "";
			targets = (
				6D8C81F918E688CC001D8CA2 /* TwitterClient */,
				6D8C821418E688D1001D8CA2 /* TwitterClientTests */,
			);
		};
/* End PBXProject section */

/* Begin PBXResourcesBuildPhase section */
		6D8C81F818E688CC001D8CA2 /* Resources */ = {
			isa = PBXResourcesBuildPhase;
			buildActionMask = 2147483647;
			files = (
				6D8C825318E7C5E7001D8CA2 /* TweetTableViewCell.xib in Resources */,
				6D8C826218E939E3001D8CA2 /* TweetController.xib in Resources */,
				6D8C825818E8DD68001D8CA2 /* ComposeViewController.xib in Resources */,
				6D8C828518E96C16001D8CA2 /* TweetBarView.xib in Resources */,
				6D8C825D18E8EAE4001D8CA2 /* ComposeHeaderViewCell.xib in Resources */,
				6D8C820818E688CF001D8CA2 /* InfoPlist.strings in Resources */,
				6D55D8DA18F37D92006616D0 /* SideMenuView.xib in Resources */,
				6D55D8E418F3C80D006616D0 /* MainViewController.xib in Resources */,
				6D55D8DF18F3C61E006616D0 /* MenuViewController.xib in Resources */,
				6D8C821018E688D1001D8CA2 /* Images.xcassets in Resources */,
				6D8C823A18E6BFEF001D8CA2 /* HomeTimelineViewController.xib in Resources */,
				6D8C823518E6967F001D8CA2 /* LoginViewController.xib in Resources */,
			);
			runOnlyForDeploymentPostprocessing = 0;
		};
		6D8C821318E688D1001D8CA2 /* Resources */ = {
			isa = PBXResourcesBuildPhase;
			buildActionMask = 2147483647;
			files = (
				6D8C822118E688D4001D8CA2 /* InfoPlist.strings in Resources */,
			);
			runOnlyForDeploymentPostprocessing = 0;
		};
/* End PBXResourcesBuildPhase section */

/* Begin PBXShellScriptBuildPhase section */
		3923211754F24017989F7215 /* Check Pods Manifest.lock */ = {
			isa = PBXShellScriptBuildPhase;
			buildActionMask = 2147483647;
			files = (
			);
			inputPaths = (
			);
			name = "Check Pods Manifest.lock";
			outputPaths = (
			);
			runOnlyForDeploymentPostprocessing = 0;
			shellPath = /bin/sh;
			shellScript = "diff \"${PODS_ROOT}/../Podfile.lock\" \"${PODS_ROOT}/Manifest.lock\" > /dev/null\nif [[ $? != 0 ]] ; then\n    cat << EOM\nerror: The sandbox is not in sync with the Podfile.lock. Run 'pod install' or update your CocoaPods installation.\nEOM\n    exit 1\nfi\n";
			showEnvVarsInLog = 0;
		};
		42AE7618663447FDA1209017 /* Copy Pods Resources */ = {
			isa = PBXShellScriptBuildPhase;
			buildActionMask = 2147483647;
			files = (
			);
			inputPaths = (
			);
			name = "Copy Pods Resources";
			outputPaths = (
			);
			runOnlyForDeploymentPostprocessing = 0;
			shellPath = /bin/sh;
			shellScript = "\"${SRCROOT}/Pods/Pods-resources.sh\"\n";
			showEnvVarsInLog = 0;
		};
/* End PBXShellScriptBuildPhase section */

/* Begin PBXSourcesBuildPhase section */
		6D8C81F618E688CC001D8CA2 /* Sources */ = {
			isa = PBXSourcesBuildPhase;
			buildActionMask = 2147483647;
			files = (
				6D8C823418E6967F001D8CA2 /* LoginViewController.m in Sources */,
				6D8C820E18E688D0001D8CA2 /* AppDelegate.m in Sources */,
				6D8C824718E7C1CB001D8CA2 /* User.m in Sources */,
				6D55D8E318F3C80D006616D0 /* MainViewController.m in Sources */,
				6D8C826118E939E3001D8CA2 /* TweetController.m in Sources */,
				6D55D8DE18F3C61E006616D0 /* MenuViewController.m in Sources */,
				6D8C823918E6BFEF001D8CA2 /* HomeTimelineViewController.m in Sources */,
				6D8C823E18E7585F001D8CA2 /* Tweet.m in Sources */,
				6D8C824418E7BFB9001D8CA2 /* NSObject+logProperties.m in Sources */,
				6D8C828818E96C4E001D8CA2 /* TweetBarView.m in Sources */,
				6D7318DD18F4954C005B11BC /* TweetsType.m in Sources */,
				6D8C822F18E68921001D8CA2 /* TwitterClient.m in Sources */,
				6D8C825C18E8EAE4001D8CA2 /* ComposeHeaderViewCell.m in Sources */,
				6D8C820A18E688CF001D8CA2 /* main.m in Sources */,
				6D8C825718E8DD68001D8CA2 /* ComposeViewController.m in Sources */,
				6D55D8D818F37D7A006616D0 /* SideMenuView.m in Sources */,
				6D8C825218E7C5E7001D8CA2 /* TweetTableViewCell.m in Sources */,
			);
			runOnlyForDeploymentPostprocessing = 0;
		};
		6D8C821118E688D1001D8CA2 /* Sources */ = {
			isa = PBXSourcesBuildPhase;
			buildActionMask = 2147483647;
			files = (
				6D8C822318E688D5001D8CA2 /* TwitterClientTests.m in Sources */,
			);
			runOnlyForDeploymentPostprocessing = 0;
		};
/* End PBXSourcesBuildPhase section */

/* Begin PBXTargetDependency section */
		6D8C821B18E688D1001D8CA2 /* PBXTargetDependency */ = {
			isa = PBXTargetDependency;
			target = 6D8C81F918E688CC001D8CA2 /* TwitterClient */;
			targetProxy = 6D8C821A18E688D1001D8CA2 /* PBXContainerItemProxy */;
		};
/* End PBXTargetDependency section */

/* Begin PBXVariantGroup section */
		6D8C820618E688CF001D8CA2 /* InfoPlist.strings */ = {
			isa = PBXVariantGroup;
			children = (
				6D8C820718E688CF001D8CA2 /* en */,
			);
			name = InfoPlist.strings;
			sourceTree = "<group>";
		};
		6D8C821F18E688D4001D8CA2 /* InfoPlist.strings */ = {
			isa = PBXVariantGroup;
			children = (
				6D8C822018E688D4001D8CA2 /* en */,
			);
			name = InfoPlist.strings;
			sourceTree = "<group>";
		};
/* End PBXVariantGroup section */

/* Begin XCBuildConfiguration section */
		6D8C822418E688D5001D8CA2 /* Debug */ = {
			isa = XCBuildConfiguration;
			buildSettings = {
				ALWAYS_SEARCH_USER_PATHS = NO;
				CLANG_CXX_LANGUAGE_STANDARD = "gnu++0x";
				CLANG_CXX_LIBRARY = "libc++";
				CLANG_ENABLE_MODULES = YES;
				CLANG_ENABLE_OBJC_ARC = YES;
				CLANG_WARN_BOOL_CONVERSION = YES;
				CLANG_WARN_CONSTANT_CONVERSION = YES;
				CLANG_WARN_DIRECT_OBJC_ISA_USAGE = YES_ERROR;
				CLANG_WARN_EMPTY_BODY = YES;
				CLANG_WARN_ENUM_CONVERSION = YES;
				CLANG_WARN_INT_CONVERSION = YES;
				CLANG_WARN_OBJC_ROOT_CLASS = YES_ERROR;
				CLANG_WARN__DUPLICATE_METHOD_MATCH = YES;
				"CODE_SIGN_IDENTITY[sdk=iphoneos*]" = "iPhone Developer";
				COPY_PHASE_STRIP = NO;
				GCC_C_LANGUAGE_STANDARD = gnu99;
				GCC_DYNAMIC_NO_PIC = NO;
				GCC_OPTIMIZATION_LEVEL = 0;
				GCC_PREPROCESSOR_DEFINITIONS = (
					"DEBUG=1",
					"$(inherited)",
				);
				GCC_SYMBOLS_PRIVATE_EXTERN = NO;
				GCC_WARN_64_TO_32_BIT_CONVERSION = YES;
				GCC_WARN_ABOUT_RETURN_TYPE = YES_ERROR;
				GCC_WARN_UNDECLARED_SELECTOR = YES;
				GCC_WARN_UNINITIALIZED_AUTOS = YES_AGGRESSIVE;
				GCC_WARN_UNUSED_FUNCTION = YES;
				GCC_WARN_UNUSED_VARIABLE = YES;
				IPHONEOS_DEPLOYMENT_TARGET = 7.1;
				ONLY_ACTIVE_ARCH = YES;
				SDKROOT = iphoneos;
			};
			name = Debug;
		};
		6D8C822518E688D5001D8CA2 /* Release */ = {
			isa = XCBuildConfiguration;
			buildSettings = {
				ALWAYS_SEARCH_USER_PATHS = NO;
				CLANG_CXX_LANGUAGE_STANDARD = "gnu++0x";
				CLANG_CXX_LIBRARY = "libc++";
				CLANG_ENABLE_MODULES = YES;
				CLANG_ENABLE_OBJC_ARC = YES;
				CLANG_WARN_BOOL_CONVERSION = YES;
				CLANG_WARN_CONSTANT_CONVERSION = YES;
				CLANG_WARN_DIRECT_OBJC_ISA_USAGE = YES_ERROR;
				CLANG_WARN_EMPTY_BODY = YES;
				CLANG_WARN_ENUM_CONVERSION = YES;
				CLANG_WARN_INT_CONVERSION = YES;
				CLANG_WARN_OBJC_ROOT_CLASS = YES_ERROR;
				CLANG_WARN__DUPLICATE_METHOD_MATCH = YES;
				"CODE_SIGN_IDENTITY[sdk=iphoneos*]" = "iPhone Developer";
				COPY_PHASE_STRIP = YES;
				ENABLE_NS_ASSERTIONS = NO;
				GCC_C_LANGUAGE_STANDARD = gnu99;
				GCC_WARN_64_TO_32_BIT_CONVERSION = YES;
				GCC_WARN_ABOUT_RETURN_TYPE = YES_ERROR;
				GCC_WARN_UNDECLARED_SELECTOR = YES;
				GCC_WARN_UNINITIALIZED_AUTOS = YES_AGGRESSIVE;
				GCC_WARN_UNUSED_FUNCTION = YES;
				GCC_WARN_UNUSED_VARIABLE = YES;
				IPHONEOS_DEPLOYMENT_TARGET = 7.1;
				SDKROOT = iphoneos;
				VALIDATE_PRODUCT = YES;
			};
			name = Release;
		};
		6D8C822718E688D5001D8CA2 /* Debug */ = {
			isa = XCBuildConfiguration;
			baseConfigurationReference = 034578B5DDA3485E8EE5C895 /* Pods.xcconfig */;
			buildSettings = {
				ASSETCATALOG_COMPILER_APPICON_NAME = AppIcon;
				ASSETCATALOG_COMPILER_LAUNCHIMAGE_NAME = LaunchImage;
				GCC_PRECOMPILE_PREFIX_HEADER = YES;
				GCC_PREFIX_HEADER = "TwitterClient/TwitterClient-Prefix.pch";
				INFOPLIST_FILE = "TwitterClient/TwitterClient-Info.plist";
				PRODUCT_NAME = "$(TARGET_NAME)";
				WRAPPER_EXTENSION = app;
			};
			name = Debug;
		};
		6D8C822818E688D5001D8CA2 /* Release */ = {
			isa = XCBuildConfiguration;
			baseConfigurationReference = 034578B5DDA3485E8EE5C895 /* Pods.xcconfig */;
			buildSettings = {
				ASSETCATALOG_COMPILER_APPICON_NAME = AppIcon;
				ASSETCATALOG_COMPILER_LAUNCHIMAGE_NAME = LaunchImage;
				GCC_PRECOMPILE_PREFIX_HEADER = YES;
				GCC_PREFIX_HEADER = "TwitterClient/TwitterClient-Prefix.pch";
				INFOPLIST_FILE = "TwitterClient/TwitterClient-Info.plist";
				PRODUCT_NAME = "$(TARGET_NAME)";
				WRAPPER_EXTENSION = app;
			};
			name = Release;
		};
		6D8C822A18E688D5001D8CA2 /* Debug */ = {
			isa = XCBuildConfiguration;
			buildSettings = {
				BUNDLE_LOADER = "$(BUILT_PRODUCTS_DIR)/TwitterClient.app/TwitterClient";
				FRAMEWORK_SEARCH_PATHS = (
					"$(SDKROOT)/Developer/Library/Frameworks",
					"$(inherited)",
					"$(DEVELOPER_FRAMEWORKS_DIR)",
				);
				GCC_PRECOMPILE_PREFIX_HEADER = YES;
				GCC_PREFIX_HEADER = "TwitterClient/TwitterClient-Prefix.pch";
				GCC_PREPROCESSOR_DEFINITIONS = (
					"DEBUG=1",
					"$(inherited)",
				);
				INFOPLIST_FILE = "TwitterClientTests/TwitterClientTests-Info.plist";
				PRODUCT_NAME = "$(TARGET_NAME)";
				TEST_HOST = "$(BUNDLE_LOADER)";
				WRAPPER_EXTENSION = xctest;
			};
			name = Debug;
		};
		6D8C822B18E688D5001D8CA2 /* Release */ = {
			isa = XCBuildConfiguration;
			buildSettings = {
				BUNDLE_LOADER = "$(BUILT_PRODUCTS_DIR)/TwitterClient.app/TwitterClient";
				FRAMEWORK_SEARCH_PATHS = (
					"$(SDKROOT)/Developer/Library/Frameworks",
					"$(inherited)",
					"$(DEVELOPER_FRAMEWORKS_DIR)",
				);
				GCC_PRECOMPILE_PREFIX_HEADER = YES;
				GCC_PREFIX_HEADER = "TwitterClient/TwitterClient-Prefix.pch";
				INFOPLIST_FILE = "TwitterClientTests/TwitterClientTests-Info.plist";
				PRODUCT_NAME = "$(TARGET_NAME)";
				TEST_HOST = "$(BUNDLE_LOADER)";
				WRAPPER_EXTENSION = xctest;
			};
			name = Release;
		};
/* End XCBuildConfiguration section */

/* Begin XCConfigurationList section */
		6D8C81F518E688CC001D8CA2 /* Build configuration list for PBXProject "TwitterClient" */ = {
			isa = XCConfigurationList;
			buildConfigurations = (
				6D8C822418E688D5001D8CA2 /* Debug */,
				6D8C822518E688D5001D8CA2 /* Release */,
			);
			defaultConfigurationIsVisible = 0;
			defaultConfigurationName = Release;
		};
		6D8C822618E688D5001D8CA2 /* Build configuration list for PBXNativeTarget "TwitterClient" */ = {
			isa = XCConfigurationList;
			buildConfigurations = (
				6D8C822718E688D5001D8CA2 /* Debug */,
				6D8C822818E688D5001D8CA2 /* Release */,
			);
			defaultConfigurationIsVisible = 0;
			defaultConfigurationName = Release;
		};
		6D8C822918E688D5001D8CA2 /* Build configuration list for PBXNativeTarget "TwitterClientTests" */ = {
			isa = XCConfigurationList;
			buildConfigurations = (
				6D8C822A18E688D5001D8CA2 /* Debug */,
				6D8C822B18E688D5001D8CA2 /* Release */,
			);
			defaultConfigurationIsVisible = 0;
			defaultConfigurationName = Release;
		};
/* End XCConfigurationList section */
	};
	rootObject = 6D8C81F218E688CC001D8CA2 /* Project object */;
}
